{
  "name": "phone",
  "lockfileVersion": 2,
  "requires": true,
  "packages": {
    "": {
      "dependencies": {
        "packr": "^1.0.1",
        "tinymce": "^5.10.5"
      }
    },
    "node_modules/lodash.isnative": {
      "version": "3.0.7",
      "resolved": "https://registry.npmjs.org/lodash.isnative/-/lodash.isnative-3.0.7.tgz",
      "integrity": "sha512-GKsrcwLgCSokSvILXm1tBLkMTUD46Xt39eBe/nxeuTNeI32VieJuvxAGqGKnrnole9B1Q5gz9RtGmK1PraPuow=="
    },
    "node_modules/packr": {
      "version": "1.0.1",
      "resolved": "https://registry.npmjs.org/packr/-/packr-1.0.1.tgz",
      "integrity": "sha512-e710XtT8JwLwFr9nnZnTfnPIPvL/X61CbJsuAPJjJR1p25jVQxszmZF77f1/G7WWr3J3wyJf6d+N9BpwQNAPmw==",
      "dependencies": {
        "lodash.isnative": "^3.0.4",
        "toSrc": "^0.1.4"
      }
    },
    "node_modules/tinymce": {
      "version": "5.10.5",
      "resolved": "https://registry.npmjs.org/tinymce/-/tinymce-5.10.5.tgz",
      "integrity": "sha512-nFKtLhmoRtExBxUfv06JlkbQWux5D+d115vxSRAqUmccZdrtpFvOIYwZmikvulLdM9pfEpvO0B+RQ2qFV/+R7w=="
    },
    "node_modules/toSrc": {
      "version": "0.1.4",
      "resolved": "https://registry.npmjs.org/toSrc/-/toSrc-0.1.4.tgz",
      "integrity": "sha512-OR6AlSRif1xVT03Zy3M9njdYrq/K+s1h4hjgfPGhipMF916YTwf46VoXbZ1HlTdU9pl5RAAj9P4KHJicEvXINw=="
    }
  },
  "dependencies": {
    "lodash.isnative": {
      "version": "3.0.7",
      "resolved": "https://registry.npmjs.org/lodash.isnative/-/lodash.isnative-3.0.7.tgz",
      "integrity": "sha512-GKsrcwLgCSokSvILXm1tBLkMTUD46Xt39eBe/nxeuTNeI32VieJuvxAGqGKnrnole9B1Q5gz9RtGmK1PraPuow=="
    },
    "packr": {
      "version": "1.0.1",
      "resolved": "https://registry.npmjs.org/packr/-/packr-1.0.1.tgz",
      "integrity": "sha512-e710XtT8JwLwFr9nnZnTfnPIPvL/X61CbJsuAPJjJR1p25jVQxszmZF77f1/G7WWr3J3wyJf6d+N9BpwQNAPmw==",
      "requires": {
        "lodash.isnative": "^3.0.4",
        "toSrc": "^0.1.4"
      }
    },
    "tinymce": {
      "version": "5.10.5",
      "resolved": "https://registry.npmjs.org/tinymce/-/tinymce-5.10.5.tgz",
      "integrity": "sha512-nFKtLhmoRtExBxUfv06JlkbQWux5D+d115vxSRAqUmccZdrtpFvOIYwZmikvulLdM9pfEpvO0B+RQ2qFV/+R7w=="
    },
    "toSrc": {
      "version": "0.1.4",
      "resolved": "https://registry.npmjs.org/toSrc/-/toSrc-0.1.4.tgz",
      "integrity": "sha512-OR6AlSRif1xVT03Zy3M9njdYrq/K+s1h4hjgfPGhipMF916YTwf46VoXbZ1HlTdU9pl5RAAj9P4KHJicEvXINw=="
    }
  }
}
